
Microsoft Visual Studio Solution File, Format Version 12.00
# Visual Studio 14
VisualStudioVersion = 14.0.25420.1
MinimumVisualStudioVersion = 10.0.40219.1
Project("{FAE04EC0-301F-11D3-BF4B-00C04F79EFBC}") = "IISHost", "IISHost\IISHost.csproj", "{50B1FD5B-F970-459E-B4AF-8209D043AF48}"
EndProject
Project("{FAE04EC0-301F-11D3-BF4B-00C04F79EFBC}") = "WebApi", "WebApi\WebApi.csproj", "{57DEE1C2-C197-42C9-B20A-9104E6B40BA0}"
EndProject
Global
	GlobalSection(SolutionConfigurationPlatforms) = preSolution
		Debug|Any CPU = Debug|Any CPU
		Release|Any CPU = Release|Any CPU
	EndGlobalSection
	GlobalSection(ProjectConfigurationPlatforms) = postSolution
		{50B1FD5B-F970-459E-B4AF-8209D043AF48}.Debug|Any CPU.ActiveCfg = Debug|Any CPU
		{50B1FD5B-F970-459E-B4AF-8209D043AF48}.Debug|Any CPU.Build.0 = Debug|Any CPU
		{50B1FD5B-F970-459E-B4AF-8209D043AF48}.Release|Any CPU.ActiveCfg = Release|Any CPU
		{50B1FD5B-F970-459E-B4AF-8209D043AF48}.Release|Any CPU.Build.0 = Release|Any CPU
		{57DEE1C2-C197-42C9-B20A-9104E6B40BA0}.Debug|Any CPU.ActiveCfg = Debug|Any CPU
		{57DEE1C2-C197-42C9-B20A-9104E6B40BA0}.Debug|Any CPU.Build.0 = Debug|Any CPU
		{57DEE1C2-C197-42C9-B20A-9104E6B40BA0}.Release|Any CPU.ActiveCfg = Release|Any CPU
		{57DEE1C2-C197-42C9-B20A-9104E6B40BA0}.Release|Any CPU.Build.0 = Release|Any CPU
	EndGlobalSection
	GlobalSection(SolutionProperties) = preSolution
		HideSolutionNode = FALSE
	EndGlobalSection
EndGlobal
